
Microsoft Visual Studio Solution File, Format Version 12.00
# Visual Studio Version 17
VisualStudioVersion = 17.8.34330.188
MinimumVisualStudioVersion = 10.0.40219.1
Project("{C9674DCB-5085-4A16-B785-4C70DD1589BD}") = "ETL2023", "ETL2023\ETL2023.dtproj", "{DD5FC0F8-810D-4A1F-BFAD-054857554E14}"
EndProject
Project("{D2ABAB84-BF74-430A-B69E-9DC6D40DDA17}") = "CUBO2023", "CUBO2023\CUBO2023.dwproj", "{2B69F917-715F-493C-A51F-B09F62A4BBFE}"
EndProject
Global
	GlobalSection(SolutionConfigurationPlatforms) = preSolution
		Development|Default = Development|Default
	EndGlobalSection
	GlobalSection(ProjectConfigurationPlatforms) = postSolution
		{DD5FC0F8-810D-4A1F-BFAD-054857554E14}.Development|Default.ActiveCfg = Development
		{DD5FC0F8-810D-4A1F-BFAD-054857554E14}.Development|Default.Build.0 = Development
		{2B69F917-715F-493C-A51F-B09F62A4BBFE}.Development|Default.ActiveCfg = Development
		{2B69F917-715F-493C-A51F-B09F62A4BBFE}.Development|Default.Build.0 = Development
		{2B69F917-715F-493C-A51F-B09F62A4BBFE}.Development|Default.Deploy.0 = Development
	EndGlobalSection
	GlobalSection(SolutionProperties) = preSolution
		HideSolutionNode = FALSE
	EndGlobalSection
	GlobalSection(ExtensibilityGlobals) = postSolution
		SolutionGuid = {28390DB6-15CE-4602-9BE6-84164EDFF47D}
	EndGlobalSection
EndGlobal
